
Microsoft Visual Studio Solution File, Format Version 12.00
# Visual Studio Version 17
VisualStudioVersion = 17.7.34221.43
MinimumVisualStudioVersion = 10.0.40219.1
Project("{FAE04EC0-301F-11D3-BF4B-00C04F79EFBC}") = "Product_CQRS_MediatR", "Product_CQRS_MediatR\Product_CQRS_MediatR.csproj", "{EC3327EC-A606-439A-AEE3-9BADB4DC0391}"
EndProject
Global
	GlobalSection(SolutionConfigurationPlatforms) = preSolution
		Debug|Any CPU = Debug|Any CPU
		Release|Any CPU = Release|Any CPU
	EndGlobalSection
	GlobalSection(ProjectConfigurationPlatforms) = postSolution
		{EC3327EC-A606-439A-AEE3-9BADB4DC0391}.Debug|Any CPU.ActiveCfg = Debug|Any CPU
		{EC3327EC-A606-439A-AEE3-9BADB4DC0391}.Debug|Any CPU.Build.0 = Debug|Any CPU
		{EC3327EC-A606-439A-AEE3-9BADB4DC0391}.Release|Any CPU.ActiveCfg = Release|Any CPU
		{EC3327EC-A606-439A-AEE3-9BADB4DC0391}.Release|Any CPU.Build.0 = Release|Any CPU
	EndGlobalSection
	GlobalSection(SolutionProperties) = preSolution
		HideSolutionNode = FALSE
	EndGlobalSection
	GlobalSection(ExtensibilityGlobals) = postSolution
		SolutionGuid = {8EF4ED65-FD14-4218-A1ED-87A1D72CD13D}
	EndGlobalSection
EndGlobal
